// !$*UTF8*$!
{
	archiveVersion = 1;
	classes = {
	};
	objectVersion = 46;
	objects = {

/* Begin PBXBuildFile section */
		522FF091C4C2FA1163792AC7 /* Pods_TB_Client_SellerUITests.framework in Frameworks */ = {isa = PBXBuildFile; fileRef = A8BFD12D795B96F2432D06B7 /* Pods_TB_Client_SellerUITests.framework */; };
		64AFA60E8CD2FAB764ECB404 /* Pods_TB_Client_SellerTests.framework in Frameworks */ = {isa = PBXBuildFile; fileRef = B0E7CE06322EE153101407E8 /* Pods_TB_Client_SellerTests.framework */; };
		AFDC68C61D1047910060210A /* AppDelegate.swift in Sources */ = {isa = PBXBuildFile; fileRef = AFDC68C51D1047910060210A /* AppDelegate.swift */; };
		AFDC68C81D1047910060210A /* ViewController.swift in Sources */ = {isa = PBXBuildFile; fileRef = AFDC68C71D1047910060210A /* ViewController.swift */; };
		AFDC68CB1D1047910060210A /* Main.storyboard in Resources */ = {isa = PBXBuildFile; fileRef = AFDC68C91D1047910060210A /* Main.storyboard */; };
		AFDC68CE1D1047910060210A /* TB_Client_Seller.xcdatamodeld in Sources */ = {isa = PBXBuildFile; fileRef = AFDC68CC1D1047910060210A /* TB_Client_Seller.xcdatamodeld */; };
		AFDC68D01D1047910060210A /* Assets.xcassets in Resources */ = {isa = PBXBuildFile; fileRef = AFDC68CF1D1047910060210A /* Assets.xcassets */; };
		AFDC68D31D1047910060210A /* LaunchScreen.storyboard in Resources */ = {isa = PBXBuildFile; fileRef = AFDC68D11D1047910060210A /* LaunchScreen.storyboard */; };
		AFDC68DE1D1047910060210A /* TB_Client_SellerTests.swift in Sources */ = {isa = PBXBuildFile; fileRef = AFDC68DD1D1047910060210A /* TB_Client_SellerTests.swift */; };
		AFDC68E91D1047910060210A /* TB_Client_SellerUITests.swift in Sources */ = {isa = PBXBuildFile; fileRef = AFDC68E81D1047910060210A /* TB_Client_SellerUITests.swift */; };
		D6C683D81F93AB5E68C6F3C8 /* Pods_TB_Client_Seller.framework in Frameworks */ = {isa = PBXBuildFile; fileRef = D089FD310873681E06FFD26F /* Pods_TB_Client_Seller.framework */; };
/* End PBXBuildFile section */

/* Begin PBXContainerItemProxy section */
		AFDC68DA1D1047910060210A /* PBXContainerItemProxy */ = {
			isa = PBXContainerItemProxy;
			containerPortal = AFDC68BA1D1047910060210A /* Project object */;
			proxyType = 1;
			remoteGlobalIDString = AFDC68C11D1047910060210A;
			remoteInfo = TB_Client_Seller;
		};
		AFDC68E51D1047910060210A /* PBXContainerItemProxy */ = {
			isa = PBXContainerItemProxy;
			containerPortal = AFDC68BA1D1047910060210A /* Project object */;
			proxyType = 1;
			remoteGlobalIDString = AFDC68C11D1047910060210A;
			remoteInfo = TB_Client_Seller;
		};
/* End PBXContainerItemProxy section */

/* Begin PBXFileReference section */
		0988517FE7F14F8E1C057243 /* Pods-TB_Client_SellerTests.debug.xcconfig */ = {isa = PBXFileReference; includeInIndex = 1; lastKnownFileType = text.xcconfig; name = "Pods-TB_Client_SellerTests.debug.xcconfig"; path = "Pods/Target Support Files/Pods-TB_Client_SellerTests/Pods-TB_Client_SellerTests.debug.xcconfig"; sourceTree = "<group>"; };
		1F821E8F2DBBE02627B21E35 /* Pods-TB_Client_SellerUITests.release.xcconfig */ = {isa = PBXFileReference; includeInIndex = 1; lastKnownFileType = text.xcconfig; name = "Pods-TB_Client_SellerUITests.release.xcconfig"; path = "Pods/Target Support Files/Pods-TB_Client_SellerUITests/Pods-TB_Client_SellerUITests.release.xcconfig"; sourceTree = "<group>"; };
		787764DBB8DC687A599424E4 /* Pods-TB_Client_Seller.release.xcconfig */ = {isa = PBXFileReference; includeInIndex = 1; lastKnownFileType = text.xcconfig; name = "Pods-TB_Client_Seller.release.xcconfig"; path = "Pods/Target Support Files/Pods-TB_Client_Seller/Pods-TB_Client_Seller.release.xcconfig"; sourceTree = "<group>"; };
		A8BFD12D795B96F2432D06B7 /* Pods_TB_Client_SellerUITests.framework */ = {isa = PBXFileReference; explicitFileType = wrapper.framework; includeInIndex = 0; path = Pods_TB_Client_SellerUITests.framework; sourceTree = BUILT_PRODUCTS_DIR; };
		AFDC68C21D1047910060210A /* TB_Client_Seller.app */ = {isa = PBXFileReference; explicitFileType = wrapper.application; includeInIndex = 0; path = TB_Client_Seller.app; sourceTree = BUILT_PRODUCTS_DIR; };
		AFDC68C51D1047910060210A /* AppDelegate.swift */ = {isa = PBXFileReference; lastKnownFileType = sourcecode.swift; path = AppDelegate.swift; sourceTree = "<group>"; };
		AFDC68C71D1047910060210A /* ViewController.swift */ = {isa = PBXFileReference; lastKnownFileType = sourcecode.swift; path = ViewController.swift; sourceTree = "<group>"; };
		AFDC68CA1D1047910060210A /* Base */ = {isa = PBXFileReference; lastKnownFileType = file.storyboard; name = Base; path = Base.lproj/Main.storyboard; sourceTree = "<group>"; };
		AFDC68CD1D1047910060210A /* TB_Client_Seller.xcdatamodel */ = {isa = PBXFileReference; lastKnownFileType = wrapper.xcdatamodel; path = TB_Client_Seller.xcdatamodel; sourceTree = "<group>"; };
		AFDC68CF1D1047910060210A /* Assets.xcassets */ = {isa = PBXFileReference; lastKnownFileType = folder.assetcatalog; path = Assets.xcassets; sourceTree = "<group>"; };
		AFDC68D21D1047910060210A /* Base */ = {isa = PBXFileReference; lastKnownFileType = file.storyboard; name = Base; path = Base.lproj/LaunchScreen.storyboard; sourceTree = "<group>"; };
		AFDC68D41D1047910060210A /* Info.plist */ = {isa = PBXFileReference; lastKnownFileType = text.plist.xml; path = Info.plist; sourceTree = "<group>"; };
		AFDC68D91D1047910060210A /* TB_Client_SellerTests.xctest */ = {isa = PBXFileReference; explicitFileType = wrapper.cfbundle; includeInIndex = 0; path = TB_Client_SellerTests.xctest; sourceTree = BUILT_PRODUCTS_DIR; };
		AFDC68DD1D1047910060210A /* TB_Client_SellerTests.swift */ = {isa = PBXFileReference; lastKnownFileType = sourcecode.swift; path = TB_Client_SellerTests.swift; sourceTree = "<group>"; };
		AFDC68DF1D1047910060210A /* Info.plist */ = {isa = PBXFileReference; lastKnownFileType = text.plist.xml; path = Info.plist; sourceTree = "<group>"; };
		AFDC68E41D1047910060210A /* TB_Client_SellerUITests.xctest */ = {isa = PBXFileReference; explicitFileType = wrapper.cfbundle; includeInIndex = 0; path = TB_Client_SellerUITests.xctest; sourceTree = BUILT_PRODUCTS_DIR; };
		AFDC68E81D1047910060210A /* TB_Client_SellerUITests.swift */ = {isa = PBXFileReference; lastKnownFileType = sourcecode.swift; path = TB_Client_SellerUITests.swift; sourceTree = "<group>"; };
		AFDC68EA1D1047910060210A /* Info.plist */ = {isa = PBXFileReference; lastKnownFileType = text.plist.xml; path = Info.plist; sourceTree = "<group>"; };
		B0E7CE06322EE153101407E8 /* Pods_TB_Client_SellerTests.framework */ = {isa = PBXFileReference; explicitFileType = wrapper.framework; includeInIndex = 0; path = Pods_TB_Client_SellerTests.framework; sourceTree = BUILT_PRODUCTS_DIR; };
		BF1B0677E74E02CFBB16BA80 /* Pods-TB_Client_Seller.debug.xcconfig */ = {isa = PBXFileReference; includeInIndex = 1; lastKnownFileType = text.xcconfig; name = "Pods-TB_Client_Seller.debug.xcconfig"; path = "Pods/Target Support Files/Pods-TB_Client_Seller/Pods-TB_Client_Seller.debug.xcconfig"; sourceTree = "<group>"; };
		CF91512CE4F70A3C3C732086 /* Pods-TB_Client_SellerUITests.debug.xcconfig */ = {isa = PBXFileReference; includeInIndex = 1; lastKnownFileType = text.xcconfig; name = "Pods-TB_Client_SellerUITests.debug.xcconfig"; path = "Pods/Target Support Files/Pods-TB_Client_SellerUITests/Pods-TB_Client_SellerUITests.debug.xcconfig"; sourceTree = "<group>"; };
		D089FD310873681E06FFD26F /* Pods_TB_Client_Seller.framework */ = {isa = PBXFileReference; explicitFileType = wrapper.framework; includeInIndex = 0; path = Pods_TB_Client_Seller.framework; sourceTree = BUILT_PRODUCTS_DIR; };
		FE0DA69AF326C032F07FEA36 /* Pods-TB_Client_SellerTests.release.xcconfig */ = {isa = PBXFileReference; includeInIndex = 1; lastKnownFileType = text.xcconfig; name = "Pods-TB_Client_SellerTests.release.xcconfig"; path = "Pods/Target Support Files/Pods-TB_Client_SellerTests/Pods-TB_Client_SellerTests.release.xcconfig"; sourceTree = "<group>"; };
/* End PBXFileReference section */

/* Begin PBXFrameworksBuildPhase section */
		AFDC68BF1D1047910060210A /* Frameworks */ = {
			isa = PBXFrameworksBuildPhase;
			buildActionMask = 2147483647;
			files = (
				D6C683D81F93AB5E68C6F3C8 /* Pods_TB_Client_Seller.framework in Frameworks */,
			);
			runOnlyForDeploymentPostprocessing = 0;
		};
		AFDC68D61D1047910060210A /* Frameworks */ = {
			isa = PBXFrameworksBuildPhase;
			buildActionMask = 2147483647;
			files = (
				64AFA60E8CD2FAB764ECB404 /* Pods_TB_Client_SellerTests.framework in Frameworks */,
			);
			runOnlyForDeploymentPostprocessing = 0;
		};
		AFDC68E11D1047910060210A /* Frameworks */ = {
			isa = PBXFrameworksBuildPhase;
			buildActionMask = 2147483647;
			files = (
				522FF091C4C2FA1163792AC7 /* Pods_TB_Client_SellerUITests.framework in Frameworks */,
			);
			runOnlyForDeploymentPostprocessing = 0;
		};
/* End PBXFrameworksBuildPhase section */

/* Begin PBXGroup section */
		30F9C964434304A43B35776C /* Pods */ = {
			isa = PBXGroup;
			children = (
				BF1B0677E74E02CFBB16BA80 /* Pods-TB_Client_Seller.debug.xcconfig */,
				787764DBB8DC687A599424E4 /* Pods-TB_Client_Seller.release.xcconfig */,
				0988517FE7F14F8E1C057243 /* Pods-TB_Client_SellerTests.debug.xcconfig */,
				FE0DA69AF326C032F07FEA36 /* Pods-TB_Client_SellerTests.release.xcconfig */,
				CF91512CE4F70A3C3C732086 /* Pods-TB_Client_SellerUITests.debug.xcconfig */,
				1F821E8F2DBBE02627B21E35 /* Pods-TB_Client_SellerUITests.release.xcconfig */,
			);
			name = Pods;
			sourceTree = "<group>";
		};
		AFDC68B91D1047910060210A = {
			isa = PBXGroup;
			children = (
				AFDC68C41D1047910060210A /* TB_Client_Seller */,
				AFDC68DC1D1047910060210A /* TB_Client_SellerTests */,
				AFDC68E71D1047910060210A /* TB_Client_SellerUITests */,
				AFDC68C31D1047910060210A /* Products */,
				30F9C964434304A43B35776C /* Pods */,
				BA2FE9F0EB65B8ADEA9C7B4B /* Frameworks */,
			);
			sourceTree = "<group>";
		};
		AFDC68C31D1047910060210A /* Products */ = {
			isa = PBXGroup;
			children = (
				AFDC68C21D1047910060210A /* TB_Client_Seller.app */,
				AFDC68D91D1047910060210A /* TB_Client_SellerTests.xctest */,
				AFDC68E41D1047910060210A /* TB_Client_SellerUITests.xctest */,
			);
			name = Products;
			sourceTree = "<group>";
		};
		AFDC68C41D1047910060210A /* TB_Client_Seller */ = {
			isa = PBXGroup;
			children = (
				AFDC68C51D1047910060210A /* AppDelegate.swift */,
				AFDC68C71D1047910060210A /* ViewController.swift */,
				AFDC68C91D1047910060210A /* Main.storyboard */,
				AFDC68CF1D1047910060210A /* Assets.xcassets */,
				AFDC68D11D1047910060210A /* LaunchScreen.storyboard */,
				AFDC68D41D1047910060210A /* Info.plist */,
				AFDC68CC1D1047910060210A /* TB_Client_Seller.xcdatamodeld */,
			);
			path = TB_Client_Seller;
			sourceTree = "<group>";
		};
		AFDC68DC1D1047910060210A /* TB_Client_SellerTests */ = {
			isa = PBXGroup;
			children = (
				AFDC68DD1D1047910060210A /* TB_Client_SellerTests.swift */,
				AFDC68DF1D1047910060210A /* Info.plist */,
			);
			path = TB_Client_SellerTests;
			sourceTree = "<group>";
		};
		AFDC68E71D1047910060210A /* TB_Client_SellerUITests */ = {
			isa = PBXGroup;
			children = (
				AFDC68E81D1047910060210A /* TB_Client_SellerUITests.swift */,
				AFDC68EA1D1047910060210A /* Info.plist */,
			);
			path = TB_Client_SellerUITests;
			sourceTree = "<group>";
		};
		BA2FE9F0EB65B8ADEA9C7B4B /* Frameworks */ = {
			isa = PBXGroup;
			children = (
				D089FD310873681E06FFD26F /* Pods_TB_Client_Seller.framework */,
				B0E7CE06322EE153101407E8 /* Pods_TB_Client_SellerTests.framework */,
				A8BFD12D795B96F2432D06B7 /* Pods_TB_Client_SellerUITests.framework */,
			);
			name = Frameworks;
			sourceTree = "<group>";
		};
/* End PBXGroup section */

/* Begin PBXNativeTarget section */
		AFDC68C11D1047910060210A /* TB_Client_Seller */ = {
			isa = PBXNativeTarget;
			buildConfigurationList = AFDC68ED1D1047910060210A /* Build configuration list for PBXNativeTarget "TB_Client_Seller" */;
			buildPhases = (
				4DC443598793387641CE0DF6 /* 📦 Check Pods Manifest.lock */,
				AFDC68BE1D1047910060210A /* Sources */,
				AFDC68BF1D1047910060210A /* Frameworks */,
				AFDC68C01D1047910060210A /* Resources */,
				2104C845B68355745A8CDE9B /* 📦 Embed Pods Frameworks */,
				8DB04643B1E96EBA0CEAD0EB /* 📦 Copy Pods Resources */,
			);
			buildRules = (
			);
			dependencies = (
			);
			name = TB_Client_Seller;
			productName = TB_Client_Seller;
			productReference = AFDC68C21D1047910060210A /* TB_Client_Seller.app */;
			productType = "com.apple.product-type.application";
		};
		AFDC68D81D1047910060210A /* TB_Client_SellerTests */ = {
			isa = PBXNativeTarget;
			buildConfigurationList = AFDC68F01D1047910060210A /* Build configuration list for PBXNativeTarget "TB_Client_SellerTests" */;
			buildPhases = (
				0AB5A34F95531EB2430CC531 /* 📦 Check Pods Manifest.lock */,
				AFDC68D51D1047910060210A /* Sources */,
				AFDC68D61D1047910060210A /* Frameworks */,
				AFDC68D71D1047910060210A /* Resources */,
				E5A53B26FB9EFCA4B731DB45 /* 📦 Embed Pods Frameworks */,
				F462F2ADA468F3A97200449F /* 📦 Copy Pods Resources */,
			);
			buildRules = (
			);
			dependencies = (
				AFDC68DB1D1047910060210A /* PBXTargetDependency */,
			);
			name = TB_Client_SellerTests;
			productName = TB_Client_SellerTests;
			productReference = AFDC68D91D1047910060210A /* TB_Client_SellerTests.xctest */;
			productType = "com.apple.product-type.bundle.unit-test";
		};
		AFDC68E31D1047910060210A /* TB_Client_SellerUITests */ = {
			isa = PBXNativeTarget;
			buildConfigurationList = AFDC68F31D1047910060210A /* Build configuration list for PBXNativeTarget "TB_Client_SellerUITests" */;
			buildPhases = (
				0BDD16B6FCFBEA64F37524EF /* 📦 Check Pods Manifest.lock */,
				AFDC68E01D1047910060210A /* Sources */,
				AFDC68E11D1047910060210A /* Frameworks */,
				AFDC68E21D1047910060210A /* Resources */,
				8CC9A141439747899E0448A6 /* 📦 Copy Pods Resources */,
			);
			buildRules = (
			);
			dependencies = (
				AFDC68E61D1047910060210A /* PBXTargetDependency */,
			);
			name = TB_Client_SellerUITests;
			productName = TB_Client_SellerUITests;
			productReference = AFDC68E41D1047910060210A /* TB_Client_SellerUITests.xctest */;
			productType = "com.apple.product-type.bundle.ui-testing";
		};
/* End PBXNativeTarget section */

/* Begin PBXProject section */
		AFDC68BA1D1047910060210A /* Project object */ = {
			isa = PBXProject;
			attributes = {
				LastSwiftUpdateCheck = 0730;
				LastUpgradeCheck = 0730;
				ORGANIZATIONNAME = "Bastian Gardel";
				TargetAttributes = {
					AFDC68C11D1047910060210A = {
						CreatedOnToolsVersion = 7.3.1;
					};
					AFDC68D81D1047910060210A = {
						CreatedOnToolsVersion = 7.3.1;
						TestTargetID = AFDC68C11D1047910060210A;
					};
					AFDC68E31D1047910060210A = {
						CreatedOnToolsVersion = 7.3.1;
						TestTargetID = AFDC68C11D1047910060210A;
					};
				};
			};
			buildConfigurationList = AFDC68BD1D1047910060210A /* Build configuration list for PBXProject "TB_Client_Seller" */;
			compatibilityVersion = "Xcode 3.2";
			developmentRegion = English;
			hasScannedForEncodings = 0;
			knownRegions = (
				en,
				Base,
			);
			mainGroup = AFDC68B91D1047910060210A;
			productRefGroup = AFDC68C31D1047910060210A /* Products */;
			projectDirPath = "";
			projectRoot = "";
			targets = (
				AFDC68C11D1047910060210A /* TB_Client_Seller */,
				AFDC68D81D1047910060210A /* TB_Client_SellerTests */,
				AFDC68E31D1047910060210A /* TB_Client_SellerUITests */,
			);
		};
/* End PBXProject section */

/* Begin PBXResourcesBuildPhase section */
		AFDC68C01D1047910060210A /* Resources */ = {
			isa = PBXResourcesBuildPhase;
			buildActionMask = 2147483647;
			files = (
				AFDC68D31D1047910060210A /* LaunchScreen.storyboard in Resources */,
				AFDC68D01D1047910060210A /* Assets.xcassets in Resources */,
				AFDC68CB1D1047910060210A /* Main.storyboard in Resources */,
			);
			runOnlyForDeploymentPostprocessing = 0;
		};
		AFDC68D71D1047910060210A /* Resources */ = {
			isa = PBXResourcesBuildPhase;
			buildActionMask = 2147483647;
			files = (
			);
			runOnlyForDeploymentPostprocessing = 0;
		};
		AFDC68E21D1047910060210A /* Resources */ = {
			isa = PBXResourcesBuildPhase;
			buildActionMask = 2147483647;
			files = (
			);
			runOnlyForDeploymentPostprocessing = 0;
		};
/* End PBXResourcesBuildPhase section */

/* Begin PBXShellScriptBuildPhase section */
		0AB5A34F95531EB2430CC531 /* 📦 Check Pods Manifest.lock */ = {
			isa = PBXShellScriptBuildPhase;
			buildActionMask = 2147483647;
			files = (
			);
			inputPaths = (
			);
			name = "📦 Check Pods Manifest.lock";
			outputPaths = (
			);
			runOnlyForDeploymentPostprocessing = 0;
			shellPath = /bin/sh;
			shellScript = "diff \"${PODS_ROOT}/../Podfile.lock\" \"${PODS_ROOT}/Manifest.lock\" > /dev/null\nif [[ $? != 0 ]] ; then\n    cat << EOM\nerror: The sandbox is not in sync with the Podfile.lock. Run 'pod install' or update your CocoaPods installation.\nEOM\n    exit 1\nfi\n";
			showEnvVarsInLog = 0;
		};
		0BDD16B6FCFBEA64F37524EF /* 📦 Check Pods Manifest.lock */ = {
			isa = PBXShellScriptBuildPhase;
			buildActionMask = 2147483647;
			files = (
			);
			inputPaths = (
			);
			name = "📦 Check Pods Manifest.lock";
			outputPaths = (
			);
			runOnlyForDeploymentPostprocessing = 0;
			shellPath = /bin/sh;
			shellScript = "diff \"${PODS_ROOT}/../Podfile.lock\" \"${PODS_ROOT}/Manifest.lock\" > /dev/null\nif [[ $? != 0 ]] ; then\n    cat << EOM\nerror: The sandbox is not in sync with the Podfile.lock. Run 'pod install' or update your CocoaPods installation.\nEOM\n    exit 1\nfi\n";
			showEnvVarsInLog = 0;
		};
		2104C845B68355745A8CDE9B /* 📦 Embed Pods Frameworks */ = {
			isa = PBXShellScriptBuildPhase;
			buildActionMask = 2147483647;
			files = (
			);
			inputPaths = (
			);
			name = "📦 Embed Pods Frameworks";
			outputPaths = (
			);
			runOnlyForDeploymentPostprocessing = 0;
			shellPath = /bin/sh;
			shellScript = "\"${SRCROOT}/Pods/Target Support Files/Pods-TB_Client_Seller/Pods-TB_Client_Seller-frameworks.sh\"\n";
			showEnvVarsInLog = 0;
		};
		4DC443598793387641CE0DF6 /* 📦 Check Pods Manifest.lock */ = {
			isa = PBXShellScriptBuildPhase;
			buildActionMask = 2147483647;
			files = (
			);
			inputPaths = (
			);
			name = "📦 Check Pods Manifest.lock";
			outputPaths = (
			);
			runOnlyForDeploymentPostprocessing = 0;
			shellPath = /bin/sh;
			shellScript = "diff \"${PODS_ROOT}/../Podfile.lock\" \"${PODS_ROOT}/Manifest.lock\" > /dev/null\nif [[ $? != 0 ]] ; then\n    cat << EOM\nerror: The sandbox is not in sync with the Podfile.lock. Run 'pod install' or update your CocoaPods installation.\nEOM\n    exit 1\nfi\n";
			showEnvVarsInLog = 0;
		};
		8CC9A141439747899E0448A6 /* 📦 Copy Pods Resources */ = {
			isa = PBXShellScriptBuildPhase;
			buildActionMask = 2147483647;
			files = (
			);
			inputPaths = (
			);
			name = "📦 Copy Pods Resources";
			outputPaths = (
			);
			runOnlyForDeploymentPostprocessing = 0;
			shellPath = /bin/sh;
			shellScript = "\"${SRCROOT}/Pods/Target Support Files/Pods-TB_Client_SellerUITests/Pods-TB_Client_SellerUITests-resources.sh\"\n";
			showEnvVarsInLog = 0;
		};
		8DB04643B1E96EBA0CEAD0EB /* 📦 Copy Pods Resources */ = {
			isa = PBXShellScriptBuildPhase;
			buildActionMask = 2147483647;
			files = (
			);
			inputPaths = (
			);
			name = "📦 Copy Pods Resources";
			outputPaths = (
			);
			runOnlyForDeploymentPostprocessing = 0;
			shellPath = /bin/sh;
			shellScript = "\"${SRCROOT}/Pods/Target Support Files/Pods-TB_Client_Seller/Pods-TB_Client_Seller-resources.sh\"\n";
			showEnvVarsInLog = 0;
		};
		E5A53B26FB9EFCA4B731DB45 /* 📦 Embed Pods Frameworks */ = {
			isa = PBXShellScriptBuildPhase;
			buildActionMask = 2147483647;
			files = (
			);
			inputPaths = (
			);
			name = "📦 Embed Pods Frameworks";
			outputPaths = (
			);
			runOnlyForDeploymentPostprocessing = 0;
			shellPath = /bin/sh;
			shellScript = "\"${SRCROOT}/Pods/Target Support Files/Pods-TB_Client_SellerTests/Pods-TB_Client_SellerTests-frameworks.sh\"\n";
			showEnvVarsInLog = 0;
		};
		F462F2ADA468F3A97200449F /* 📦 Copy Pods Resources */ = {
			isa = PBXShellScriptBuildPhase;
			buildActionMask = 2147483647;
			files = (
			);
			inputPaths = (
			);
			name = "📦 Copy Pods Resources";
			outputPaths = (
			);
			runOnlyForDeploymentPostprocessing = 0;
			shellPath = /bin/sh;
			shellScript = "\"${SRCROOT}/Pods/Target Support Files/Pods-TB_Client_SellerTests/Pods-TB_Client_SellerTests-resources.sh\"\n";
			showEnvVarsInLog = 0;
		};
/* End PBXShellScriptBuildPhase section */

/* Begin PBXSourcesBuildPhase section */
		AFDC68BE1D1047910060210A /* Sources */ = {
			isa = PBXSourcesBuildPhase;
			buildActionMask = 2147483647;
			files = (
				AFDC68C81D1047910060210A /* ViewController.swift in Sources */,
				AFDC68C61D1047910060210A /* AppDelegate.swift in Sources */,
				AFDC68CE1D1047910060210A /* TB_Client_Seller.xcdatamodeld in Sources */,
			);
			runOnlyForDeploymentPostprocessing = 0;
		};
		AFDC68D51D1047910060210A /* Sources */ = {
			isa = PBXSourcesBuildPhase;
			buildActionMask = 2147483647;
			files = (
				AFDC68DE1D1047910060210A /* TB_Client_SellerTests.swift in Sources */,
			);
			runOnlyForDeploymentPostprocessing = 0;
		};
		AFDC68E01D1047910060210A /* Sources */ = {
			isa = PBXSourcesBuildPhase;
			buildActionMask = 2147483647;
			files = (
				AFDC68E91D1047910060210A /* TB_Client_SellerUITests.swift in Sources */,
			);
			runOnlyForDeploymentPostprocessing = 0;
		};
/* End PBXSourcesBuildPhase section */

/* Begin PBXTargetDependency section */
		AFDC68DB1D1047910060210A /* PBXTargetDependency */ = {
			isa = PBXTargetDependency;
			target = AFDC68C11D1047910060210A /* TB_Client_Seller */;
			targetProxy = AFDC68DA1D1047910060210A /* PBXContainerItemProxy */;
		};
		AFDC68E61D1047910060210A /* PBXTargetDependency */ = {
			isa = PBXTargetDependency;
			target = AFDC68C11D1047910060210A /* TB_Client_Seller */;
			targetProxy = AFDC68E51D1047910060210A /* PBXContainerItemProxy */;
		};
/* End PBXTargetDependency section */

/* Begin PBXVariantGroup section */
		AFDC68C91D1047910060210A /* Main.storyboard */ = {
			isa = PBXVariantGroup;
			children = (
				AFDC68CA1D1047910060210A /* Base */,
			);
			name = Main.storyboard;
			sourceTree = "<group>";
		};
		AFDC68D11D1047910060210A /* LaunchScreen.storyboard */ = {
			isa = PBXVariantGroup;
			children = (
				AFDC68D21D1047910060210A /* Base */,
			);
			name = LaunchScreen.storyboard;
			sourceTree = "<group>";
		};
/* End PBXVariantGroup section */

/* Begin XCBuildConfiguration section */
		AFDC68EB1D1047910060210A /* Debug */ = {
			isa = XCBuildConfiguration;
			buildSettings = {
				ALWAYS_SEARCH_USER_PATHS = NO;
				CLANG_ANALYZER_NONNULL = YES;
				CLANG_CXX_LANGUAGE_STANDARD = "gnu++0x";
				CLANG_CXX_LIBRARY = "libc++";
				CLANG_ENABLE_MODULES = YES;
				CLANG_ENABLE_OBJC_ARC = YES;
				CLANG_WARN_BOOL_CONVERSION = YES;
				CLANG_WARN_CONSTANT_CONVERSION = YES;
				CLANG_WARN_DIRECT_OBJC_ISA_USAGE = YES_ERROR;
				CLANG_WARN_EMPTY_BODY = YES;
				CLANG_WARN_ENUM_CONVERSION = YES;
				CLANG_WARN_INT_CONVERSION = YES;
				CLANG_WARN_OBJC_ROOT_CLASS = YES_ERROR;
				CLANG_WARN_UNREACHABLE_CODE = YES;
				CLANG_WARN__DUPLICATE_METHOD_MATCH = YES;
				"CODE_SIGN_IDENTITY[sdk=iphoneos*]" = "iPhone Developer";
				COPY_PHASE_STRIP = NO;
				DEBUG_INFORMATION_FORMAT = dwarf;
				ENABLE_STRICT_OBJC_MSGSEND = YES;
				ENABLE_TESTABILITY = YES;
				GCC_C_LANGUAGE_STANDARD = gnu99;
				GCC_DYNAMIC_NO_PIC = NO;
				GCC_NO_COMMON_BLOCKS = YES;
				GCC_OPTIMIZATION_LEVEL = 0;
				GCC_PREPROCESSOR_DEFINITIONS = (
					"DEBUG=1",
					"$(inherited)",
				);
				GCC_WARN_64_TO_32_BIT_CONVERSION = YES;
				GCC_WARN_ABOUT_RETURN_TYPE = YES_ERROR;
				GCC_WARN_UNDECLARED_SELECTOR = YES;
				GCC_WARN_UNINITIALIZED_AUTOS = YES_AGGRESSIVE;
				GCC_WARN_UNUSED_FUNCTION = YES;
				GCC_WARN_UNUSED_VARIABLE = YES;
				IPHONEOS_DEPLOYMENT_TARGET = 9.3;
				MTL_ENABLE_DEBUG_INFO = YES;
				ONLY_ACTIVE_ARCH = YES;
				SDKROOT = iphoneos;
				SWIFT_OPTIMIZATION_LEVEL = "-Onone";
				TARGETED_DEVICE_FAMILY = 2;
			};
			name = Debug;
		};
		AFDC68EC1D1047910060210A /* Release */ = {
			isa = XCBuildConfiguration;
			buildSettings = {
				ALWAYS_SEARCH_USER_PATHS = NO;
				CLANG_ANALYZER_NONNULL = YES;
				CLANG_CXX_LANGUAGE_STANDARD = "gnu++0x";
				CLANG_CXX_LIBRARY = "libc++";
				CLANG_ENABLE_MODULES = YES;
				CLANG_ENABLE_OBJC_ARC = YES;
				CLANG_WARN_BOOL_CONVERSION = YES;
				CLANG_WARN_CONSTANT_CONVERSION = YES;
				CLANG_WARN_DIRECT_OBJC_ISA_USAGE = YES_ERROR;
				CLANG_WARN_EMPTY_BODY = YES;
				CLANG_WARN_ENUM_CONVERSION = YES;
				CLANG_WARN_INT_CONVERSION = YES;
				CLANG_WARN_OBJC_ROOT_CLASS = YES_ERROR;
				CLANG_WARN_UNREACHABLE_CODE = YES;
				CLANG_WARN__DUPLICATE_METHOD_MATCH = YES;
				"CODE_SIGN_IDENTITY[sdk=iphoneos*]" = "iPhone Developer";
				COPY_PHASE_STRIP = NO;
				DEBUG_INFORMATION_FORMAT = "dwarf-with-dsym";
				ENABLE_NS_ASSERTIONS = NO;
				ENABLE_STRICT_OBJC_MSGSEND = YES;
				GCC_C_LANGUAGE_STANDARD = gnu99;
				GCC_NO_COMMON_BLOCKS = YES;
				GCC_WARN_64_TO_32_BIT_CONVERSION = YES;
				GCC_WARN_ABOUT_RETURN_TYPE = YES_ERROR;
				GCC_WARN_UNDECLARED_SELECTOR = YES;
				GCC_WARN_UNINITIALIZED_AUTOS = YES_AGGRESSIVE;
				GCC_WARN_UNUSED_FUNCTION = YES;
				GCC_WARN_UNUSED_VARIABLE = YES;
				IPHONEOS_DEPLOYMENT_TARGET = 9.3;
				MTL_ENABLE_DEBUG_INFO = NO;
				SDKROOT = iphoneos;
				TARGETED_DEVICE_FAMILY = 2;
				VALIDATE_PRODUCT = YES;
			};
			name = Release;
		};
		AFDC68EE1D1047910060210A /* Debug */ = {
			isa = XCBuildConfiguration;
			baseConfigurationReference = BF1B0677E74E02CFBB16BA80 /* Pods-TB_Client_Seller.debug.xcconfig */;
			buildSettings = {
				ASSETCATALOG_COMPILER_APPICON_NAME = AppIcon;
				INFOPLIST_FILE = TB_Client_Seller/Info.plist;
				LD_RUNPATH_SEARCH_PATHS = "$(inherited) @executable_path/Frameworks";
				PRODUCT_BUNDLE_IDENTIFIER = "HEIG-VD.TB-Client-Seller";
				PRODUCT_NAME = "$(TARGET_NAME)";
			};
			name = Debug;
		};
		AFDC68EF1D1047910060210A /* Release */ = {
			isa = XCBuildConfiguration;
			baseConfigurationReference = 787764DBB8DC687A599424E4 /* Pods-TB_Client_Seller.release.xcconfig */;
			buildSettings = {
				ASSETCATALOG_COMPILER_APPICON_NAME = AppIcon;
				INFOPLIST_FILE = TB_Client_Seller/Info.plist;
				LD_RUNPATH_SEARCH_PATHS = "$(inherited) @executable_path/Frameworks";
				PRODUCT_BUNDLE_IDENTIFIER = "HEIG-VD.TB-Client-Seller";
				PRODUCT_NAME = "$(TARGET_NAME)";
			};
			name = Release;
		};
		AFDC68F11D1047910060210A /* Debug */ = {
			isa = XCBuildConfiguration;
			baseConfigurationReference = 0988517FE7F14F8E1C057243 /* Pods-TB_Client_SellerTests.debug.xcconfig */;
			buildSettings = {
				BUNDLE_LOADER = "$(TEST_HOST)";
				INFOPLIST_FILE = TB_Client_SellerTests/Info.plist;
				LD_RUNPATH_SEARCH_PATHS = "$(inherited) @executable_path/Frameworks @loader_path/Frameworks";
				PRODUCT_BUNDLE_IDENTIFIER = "HEIG-VD.TB-Client-SellerTests";
				PRODUCT_NAME = "$(TARGET_NAME)";
				TEST_HOST = "$(BUILT_PRODUCTS_DIR)/TB_Client_Seller.app/TB_Client_Seller";
			};
			name = Debug;
		};
		AFDC68F21D1047910060210A /* Release */ = {
			isa = XCBuildConfiguration;
			baseConfigurationReference = FE0DA69AF326C032F07FEA36 /* Pods-TB_Client_SellerTests.release.xcconfig */;
			buildSettings = {
				BUNDLE_LOADER = "$(TEST_HOST)";
				INFOPLIST_FILE = TB_Client_SellerTests/Info.plist;
				LD_RUNPATH_SEARCH_PATHS = "$(inherited) @executable_path/Frameworks @loader_path/Frameworks";
				PRODUCT_BUNDLE_IDENTIFIER = "HEIG-VD.TB-Client-SellerTests";
				PRODUCT_NAME = "$(TARGET_NAME)";
				TEST_HOST = "$(BUILT_PRODUCTS_DIR)/TB_Client_Seller.app/TB_Client_Seller";
			};
			name = Release;
		};
		AFDC68F41D1047910060210A /* Debug */ = {
			isa = XCBuildConfiguration;
			baseConfigurationReference = CF91512CE4F70A3C3C732086 /* Pods-TB_Client_SellerUITests.debug.xcconfig */;
			buildSettings = {
				INFOPLIST_FILE = TB_Client_SellerUITests/Info.plist;
				LD_RUNPATH_SEARCH_PATHS = "$(inherited) @executable_path/Frameworks @loader_path/Frameworks";
				PRODUCT_BUNDLE_IDENTIFIER = "HEIG-VD.TB-Client-SellerUITests";
				PRODUCT_NAME = "$(TARGET_NAME)";
				TEST_TARGET_NAME = TB_Client_Seller;
			};
			name = Debug;
		};
		AFDC68F51D1047910060210A /* Release */ = {
			isa = XCBuildConfiguration;
			baseConfigurationReference = 1F821E8F2DBBE02627B21E35 /* Pods-TB_Client_SellerUITests.release.xcconfig */;
			buildSettings = {
				INFOPLIST_FILE = TB_Client_SellerUITests/Info.plist;
				LD_RUNPATH_SEARCH_PATHS = "$(inherited) @executable_path/Frameworks @loader_path/Frameworks";
				PRODUCT_BUNDLE_IDENTIFIER = "HEIG-VD.TB-Client-SellerUITests";
				PRODUCT_NAME = "$(TARGET_NAME)";
				TEST_TARGET_NAME = TB_Client_Seller;
			};
			name = Release;
		};
/* End XCBuildConfiguration section */

/* Begin XCConfigurationList section */
		AFDC68BD1D1047910060210A /* Build configuration list for PBXProject "TB_Client_Seller" */ = {
			isa = XCConfigurationList;
			buildConfigurations = (
				AFDC68EB1D1047910060210A /* Debug */,
				AFDC68EC1D1047910060210A /* Release */,
			);
			defaultConfigurationIsVisible = 0;
			defaultConfigurationName = Release;
		};
		AFDC68ED1D1047910060210A /* Build configuration list for PBXNativeTarget "TB_Client_Seller" */ = {
			isa = XCConfigurationList;
			buildConfigurations = (
				AFDC68EE1D1047910060210A /* Debug */,
				AFDC68EF1D1047910060210A /* Release */,
			);
			defaultConfigurationIsVisible = 0;
			defaultConfigurationName = Release;
		};
		AFDC68F01D1047910060210A /* Build configuration list for PBXNativeTarget "TB_Client_SellerTests" */ = {
			isa = XCConfigurationList;
			buildConfigurations = (
				AFDC68F11D1047910060210A /* Debug */,
				AFDC68F21D1047910060210A /* Release */,
			);
			defaultConfigurationIsVisible = 0;
			defaultConfigurationName = Release;
		};
		AFDC68F31D1047910060210A /* Build configuration list for PBXNativeTarget "TB_Client_SellerUITests" */ = {
			isa = XCConfigurationList;
			buildConfigurations = (
				AFDC68F41D1047910060210A /* Debug */,
				AFDC68F51D1047910060210A /* Release */,
			);
			defaultConfigurationIsVisible = 0;
			defaultConfigurationName = Release;
		};
/* End XCConfigurationList section */

/* Begin XCVersionGroup section */
		AFDC68CC1D1047910060210A /* TB_Client_Seller.xcdatamodeld */ = {
			isa = XCVersionGroup;
			children = (
				AFDC68CD1D1047910060210A /* TB_Client_Seller.xcdatamodel */,
			);
			currentVersion = AFDC68CD1D1047910060210A /* TB_Client_Seller.xcdatamodel */;
			path = TB_Client_Seller.xcdatamodeld;
			sourceTree = "<group>";
			versionGroupType = wrapper.xcdatamodel;
		};
/* End XCVersionGroup section */
	};
	rootObject = AFDC68BA1D1047910060210A /* Project object */;
}
